Microsoft Visual Studio Solution File, Format Version 12.00
# Visual Studio 2012
Project("{FAE04EC0-301F-11D3-BF4B-00C04F79EFBC}") = "Extension", "Extension\Extension.csproj", "{5DCEDAC3-CF47-4A17-8D1B-B59A308FA3EE}"
EndProject
Project("{FAE04EC0-301F-11D3-BF4B-00C04F79EFBC}") = "MyConsole", "MyConsole\MyConsole.csproj", "{A29BCA91-8562-47F9-8233-AEDABB8EA2CD}"
EndProject
Global
	GlobalSection(SubversionScc) = preSolution
		Svn-Managed = True
		Manager = AnkhSVN - Subversion Support for Visual Studio
	EndGlobalSection
	GlobalSection(SolutionConfigurationPlatforms) = preSolution
		Debug|Any CPU = Debug|Any CPU
		Release|Any CPU = Release|Any CPU
	EndGlobalSection
	GlobalSection(ProjectConfigurationPlatforms) = postSolution
		{5DCEDAC3-CF47-4A17-8D1B-B59A308FA3EE}.Debug|Any CPU.ActiveCfg = Debug|Any CPU
		{5DCEDAC3-CF47-4A17-8D1B-B59A308FA3EE}.Debug|Any CPU.Build.0 = Debug|Any CPU
		{5DCEDAC3-CF47-4A17-8D1B-B59A308FA3EE}.Release|Any CPU.ActiveCfg = Release|Any CPU
		{5DCEDAC3-CF47-4A17-8D1B-B59A308FA3EE}.Release|Any CPU.Build.0 = Release|Any CPU
		{A29BCA91-8562-47F9-8233-AEDABB8EA2CD}.Debug|Any CPU.ActiveCfg = Debug|Any CPU
		{A29BCA91-8562-47F9-8233-AEDABB8EA2CD}.Debug|Any CPU.Build.0 = Debug|Any CPU
		{A29BCA91-8562-47F9-8233-AEDABB8EA2CD}.Release|Any CPU.ActiveCfg = Release|Any CPU
		{A29BCA91-8562-47F9-8233-AEDABB8EA2CD}.Release|Any CPU.Build.0 = Release|Any CPU
	EndGlobalSection
	GlobalSection(SolutionProperties) = preSolution
		HideSolutionNode = FALSE
	EndGlobalSection
EndGlobal
