Microsoft Visual Studio Solution File, Format Version 12.00
# Visual Studio 2012
Project("{FAE04EC0-301F-11D3-BF4B-00C04F79EFBC}") = "Extension", "Extension\Extension.csproj", "{5DCEDAC3-CF47-4A17-8D1B-B59A308FA3EE}"
EndProject
Project("{FAE04EC0-301F-11D3-BF4B-00C04F79EFBC}") = "MyConsole", "MyConsole\MyConsole.csproj", "{A29BCA91-8562-47F9-8233-AEDABB8EA2CD}"
EndProject
Project("{2150E333-8FDC-42A3-9474-1A3956D46DE8}") = "测试", "测试", "{9AB71A22-7CAA-4E6B-8E10-DC1B9E9EF346}"
EndProject
Project("{FAE04EC0-301F-11D3-BF4B-00C04F79EFBC}") = "MvcApp(MEF)", "MvcApp\MvcApp(MEF).csproj", "{123CF0F0-B49B-481A-80B2-952F2AD83FF3}"
EndProject
Project("{2150E333-8FDC-42A3-9474-1A3956D46DE8}") = ".nuget", ".nuget", "{490BD80B-5D92-4220-B3F7-2F10ADF75BB9}"
	ProjectSection(SolutionItems) = preProject
		.nuget\NuGet.Config = .nuget\NuGet.Config
		.nuget\NuGet.exe = .nuget\NuGet.exe
		.nuget\NuGet.targets = .nuget\NuGet.targets
	EndProjectSection
EndProject
Project("{FAE04EC0-301F-11D3-BF4B-00C04F79EFBC}") = "Code_First", "Code_First\Code_First.csproj", "{45DEE3D6-C0F2-413C-AF36-83F77CCC20F7}"
EndProject
Project("{FAE04EC0-301F-11D3-BF4B-00C04F79EFBC}") = "Tools", "Tools\Tools.csproj", "{84A3E816-7AF4-4860-80FC-412607502BAC}"
EndProject
Project("{2150E333-8FDC-42A3-9474-1A3956D46DE8}") = "API", "API", "{772FA553-A16D-4884-9F89-945555DD4FB6}"
EndProject
Project("{FAE04EC0-301F-11D3-BF4B-00C04F79EFBC}") = "WebAPI", "API\WebAPI_HTTP_Basic_Authorize\WebAPI\WebAPI.csproj", "{933EF3F7-A7E7-4DE8-9023-5E690B34B8A9}"
EndProject
Project("{FAE04EC0-301F-11D3-BF4B-00C04F79EFBC}") = "MeetingRoomModel", "MeetingRoomModel\MeetingRoomModel.csproj", "{FA5DFF38-C7B5-46AF-AA87-D210C2BE56AB}"
EndProject
Project("{FAE04EC0-301F-11D3-BF4B-00C04F79EFBC}") = "WcfService", "WcfService\WcfService.csproj", "{34625F3C-18D8-49FF-8BC2-60C75D91ED6B}"
EndProject
Project("{FAE04EC0-301F-11D3-BF4B-00C04F79EFBC}") = "设计模式", "设计模式\设计模式.csproj", "{C30D85C9-5E2B-4B4D-9A95-4DB0018961C8}"
EndProject
Project("{FAE04EC0-301F-11D3-BF4B-00C04F79EFBC}") = "MvcDemo", "MvcDemo\MvcDemo.csproj", "{5FD737E0-DF13-45A8-BE42-B8BE6153D585}"
EndProject
Project("{2150E333-8FDC-42A3-9474-1A3956D46DE8}") = "Frame", "Frame", "{F40AD3A7-47FE-45C0-BDA1-EC49943AFA3C}"
EndProject
Project("{FAE04EC0-301F-11D3-BF4B-00C04F79EFBC}") = "My.Ioc", "Frame\My.Ioc\My.Ioc.csproj", "{985CAB3C-9DCF-40DF-B14E-76F8CBD57EEE}"
EndProject
Global
	GlobalSection(SubversionScc) = preSolution
		Svn-Managed = True
		Manager = AnkhSVN - Subversion Support for Visual Studio
	EndGlobalSection
	GlobalSection(SolutionConfigurationPlatforms) = preSolution
		Debug|Any CPU = Debug|Any CPU
		Release|Any CPU = Release|Any CPU
	EndGlobalSection
	GlobalSection(ProjectConfigurationPlatforms) = postSolution
		{5DCEDAC3-CF47-4A17-8D1B-B59A308FA3EE}.Debug|Any CPU.ActiveCfg = Debug|Any CPU
		{5DCEDAC3-CF47-4A17-8D1B-B59A308FA3EE}.Debug|Any CPU.Build.0 = Debug|Any CPU
		{5DCEDAC3-CF47-4A17-8D1B-B59A308FA3EE}.Release|Any CPU.ActiveCfg = Release|Any CPU
		{5DCEDAC3-CF47-4A17-8D1B-B59A308FA3EE}.Release|Any CPU.Build.0 = Release|Any CPU
		{A29BCA91-8562-47F9-8233-AEDABB8EA2CD}.Debug|Any CPU.ActiveCfg = Debug|Any CPU
		{A29BCA91-8562-47F9-8233-AEDABB8EA2CD}.Debug|Any CPU.Build.0 = Debug|Any CPU
		{A29BCA91-8562-47F9-8233-AEDABB8EA2CD}.Release|Any CPU.ActiveCfg = Release|Any CPU
		{A29BCA91-8562-47F9-8233-AEDABB8EA2CD}.Release|Any CPU.Build.0 = Release|Any CPU
		{123CF0F0-B49B-481A-80B2-952F2AD83FF3}.Debug|Any CPU.ActiveCfg = Debug|Any CPU
		{123CF0F0-B49B-481A-80B2-952F2AD83FF3}.Debug|Any CPU.Build.0 = Debug|Any CPU
		{123CF0F0-B49B-481A-80B2-952F2AD83FF3}.Release|Any CPU.ActiveCfg = Release|Any CPU
		{123CF0F0-B49B-481A-80B2-952F2AD83FF3}.Release|Any CPU.Build.0 = Release|Any CPU
		{45DEE3D6-C0F2-413C-AF36-83F77CCC20F7}.Debug|Any CPU.ActiveCfg = Debug|Any CPU
		{45DEE3D6-C0F2-413C-AF36-83F77CCC20F7}.Debug|Any CPU.Build.0 = Debug|Any CPU
		{45DEE3D6-C0F2-413C-AF36-83F77CCC20F7}.Release|Any CPU.ActiveCfg = Release|Any CPU
		{45DEE3D6-C0F2-413C-AF36-83F77CCC20F7}.Release|Any CPU.Build.0 = Release|Any CPU
		{84A3E816-7AF4-4860-80FC-412607502BAC}.Debug|Any CPU.ActiveCfg = Debug|Any CPU
		{84A3E816-7AF4-4860-80FC-412607502BAC}.Debug|Any CPU.Build.0 = Debug|Any CPU
		{84A3E816-7AF4-4860-80FC-412607502BAC}.Release|Any CPU.ActiveCfg = Release|Any CPU
		{84A3E816-7AF4-4860-80FC-412607502BAC}.Release|Any CPU.Build.0 = Release|Any CPU
		{933EF3F7-A7E7-4DE8-9023-5E690B34B8A9}.Debug|Any CPU.ActiveCfg = Debug|Any CPU
		{933EF3F7-A7E7-4DE8-9023-5E690B34B8A9}.Debug|Any CPU.Build.0 = Debug|Any CPU
		{933EF3F7-A7E7-4DE8-9023-5E690B34B8A9}.Release|Any CPU.ActiveCfg = Release|Any CPU
		{933EF3F7-A7E7-4DE8-9023-5E690B34B8A9}.Release|Any CPU.Build.0 = Release|Any CPU
		{FA5DFF38-C7B5-46AF-AA87-D210C2BE56AB}.Debug|Any CPU.ActiveCfg = Debug|Any CPU
		{FA5DFF38-C7B5-46AF-AA87-D210C2BE56AB}.Debug|Any CPU.Build.0 = Debug|Any CPU
		{FA5DFF38-C7B5-46AF-AA87-D210C2BE56AB}.Release|Any CPU.ActiveCfg = Release|Any CPU
		{FA5DFF38-C7B5-46AF-AA87-D210C2BE56AB}.Release|Any CPU.Build.0 = Release|Any CPU
		{34625F3C-18D8-49FF-8BC2-60C75D91ED6B}.Debug|Any CPU.ActiveCfg = Debug|Any CPU
		{34625F3C-18D8-49FF-8BC2-60C75D91ED6B}.Debug|Any CPU.Build.0 = Debug|Any CPU
		{34625F3C-18D8-49FF-8BC2-60C75D91ED6B}.Release|Any CPU.ActiveCfg = Release|Any CPU
		{34625F3C-18D8-49FF-8BC2-60C75D91ED6B}.Release|Any CPU.Build.0 = Release|Any CPU
		{C30D85C9-5E2B-4B4D-9A95-4DB0018961C8}.Debug|Any CPU.ActiveCfg = Debug|Any CPU
		{C30D85C9-5E2B-4B4D-9A95-4DB0018961C8}.Debug|Any CPU.Build.0 = Debug|Any CPU
		{C30D85C9-5E2B-4B4D-9A95-4DB0018961C8}.Release|Any CPU.ActiveCfg = Release|Any CPU
		{C30D85C9-5E2B-4B4D-9A95-4DB0018961C8}.Release|Any CPU.Build.0 = Release|Any CPU
		{5FD737E0-DF13-45A8-BE42-B8BE6153D585}.Debug|Any CPU.ActiveCfg = Debug|Any CPU
		{5FD737E0-DF13-45A8-BE42-B8BE6153D585}.Debug|Any CPU.Build.0 = Debug|Any CPU
		{5FD737E0-DF13-45A8-BE42-B8BE6153D585}.Release|Any CPU.ActiveCfg = Release|Any CPU
		{5FD737E0-DF13-45A8-BE42-B8BE6153D585}.Release|Any CPU.Build.0 = Release|Any CPU
		{985CAB3C-9DCF-40DF-B14E-76F8CBD57EEE}.Debug|Any CPU.ActiveCfg = Debug|Any CPU
		{985CAB3C-9DCF-40DF-B14E-76F8CBD57EEE}.Debug|Any CPU.Build.0 = Debug|Any CPU
		{985CAB3C-9DCF-40DF-B14E-76F8CBD57EEE}.Release|Any CPU.ActiveCfg = Release|Any CPU
		{985CAB3C-9DCF-40DF-B14E-76F8CBD57EEE}.Release|Any CPU.Build.0 = Release|Any CPU
	EndGlobalSection
	GlobalSection(SolutionProperties) = preSolution
		HideSolutionNode = FALSE
	EndGlobalSection
	GlobalSection(NestedProjects) = preSolution
		{123CF0F0-B49B-481A-80B2-952F2AD83FF3} = {9AB71A22-7CAA-4E6B-8E10-DC1B9E9EF346}
		{FA5DFF38-C7B5-46AF-AA87-D210C2BE56AB} = {9AB71A22-7CAA-4E6B-8E10-DC1B9E9EF346}
		{5FD737E0-DF13-45A8-BE42-B8BE6153D585} = {9AB71A22-7CAA-4E6B-8E10-DC1B9E9EF346}
		{933EF3F7-A7E7-4DE8-9023-5E690B34B8A9} = {772FA553-A16D-4884-9F89-945555DD4FB6}
		{985CAB3C-9DCF-40DF-B14E-76F8CBD57EEE} = {F40AD3A7-47FE-45C0-BDA1-EC49943AFA3C}
	EndGlobalSection
EndGlobal
